
Microsoft Visual Studio Solution File, Format Version 11.00
# Visual Studio 2010
Project("{FAE04EC0-301F-11D3-BF4B-00C04F79EFBC}") = "DS18B20 Thermometer Test", "DS18B20 Thermometer Test\DS18B20 Thermometer Test.csproj", "{AD903AFC-39BA-44E6-B9B1-966E2FB64E14}"
EndProject
Global
	GlobalSection(SolutionConfigurationPlatforms) = preSolution
		Debug|Any CPU = Debug|Any CPU
		Release|Any CPU = Release|Any CPU
	EndGlobalSection
	GlobalSection(ProjectConfigurationPlatforms) = postSolution
		{AD903AFC-39BA-44E6-B9B1-966E2FB64E14}.Debug|Any CPU.ActiveCfg = Debug|Any CPU
		{AD903AFC-39BA-44E6-B9B1-966E2FB64E14}.Debug|Any CPU.Build.0 = Debug|Any CPU
		{AD903AFC-39BA-44E6-B9B1-966E2FB64E14}.Debug|Any CPU.Deploy.0 = Debug|Any CPU
		{AD903AFC-39BA-44E6-B9B1-966E2FB64E14}.Release|Any CPU.ActiveCfg = Release|Any CPU
		{AD903AFC-39BA-44E6-B9B1-966E2FB64E14}.Release|Any CPU.Build.0 = Release|Any CPU
		{AD903AFC-39BA-44E6-B9B1-966E2FB64E14}.Release|Any CPU.Deploy.0 = Release|Any CPU
	EndGlobalSection
	GlobalSection(SolutionProperties) = preSolution
		HideSolutionNode = FALSE
	EndGlobalSection
EndGlobal
