
Microsoft Visual Studio Solution File, Format Version 11.00
# Visual Studio 2010
Project("{FAE04EC0-301F-11D3-BF4B-00C04F79EFBC}") = "HydraHelloWorld", "HydraHelloWorld.csproj", "{6AEB723D-2578-4235-BCB3-551F21AEB0D2}"
EndProject
Project("{FAE04EC0-301F-11D3-BF4B-00C04F79EFBC}") = "HydraNative", "..\HydraNative\HydraNative.csproj", "{72B860A8-0806-4132-B5F9-DE25E8168B7E}"
EndProject
Global
	GlobalSection(SolutionConfigurationPlatforms) = preSolution
		Debug|Any CPU = Debug|Any CPU
		Release|Any CPU = Release|Any CPU
	EndGlobalSection
	GlobalSection(ProjectConfigurationPlatforms) = postSolution
		{6AEB723D-2578-4235-BCB3-551F21AEB0D2}.Debug|Any CPU.ActiveCfg = Debug|Any CPU
		{6AEB723D-2578-4235-BCB3-551F21AEB0D2}.Debug|Any CPU.Build.0 = Debug|Any CPU
		{6AEB723D-2578-4235-BCB3-551F21AEB0D2}.Debug|Any CPU.Deploy.0 = Debug|Any CPU
		{6AEB723D-2578-4235-BCB3-551F21AEB0D2}.Release|Any CPU.ActiveCfg = Release|Any CPU
		{6AEB723D-2578-4235-BCB3-551F21AEB0D2}.Release|Any CPU.Build.0 = Release|Any CPU
		{6AEB723D-2578-4235-BCB3-551F21AEB0D2}.Release|Any CPU.Deploy.0 = Release|Any CPU
		{72B860A8-0806-4132-B5F9-DE25E8168B7E}.Debug|Any CPU.ActiveCfg = Debug|Any CPU
		{72B860A8-0806-4132-B5F9-DE25E8168B7E}.Debug|Any CPU.Build.0 = Debug|Any CPU
		{72B860A8-0806-4132-B5F9-DE25E8168B7E}.Release|Any CPU.ActiveCfg = Release|Any CPU
		{72B860A8-0806-4132-B5F9-DE25E8168B7E}.Release|Any CPU.Build.0 = Release|Any CPU
	EndGlobalSection
	GlobalSection(SolutionProperties) = preSolution
		HideSolutionNode = FALSE
	EndGlobalSection
EndGlobal
